<Solution>
  <Folder Name="/docs/">
    <File Path="docs/cloud-deployment-topology-plan.md" />
    <File Path="docs/calendar-architecture.md" />
    <File Path="docs/commute-architecture.md" />
    <File Path="docs/development-plan.md" />
    <File Path="docs/device-bootstrap.md" />
    <File Path="docs/feature-backlog.md" />
    <File Path="docs/greetings-presence-plan.md" />
    <File Path="docs/group-oobe-port-notes.md" />
    <File Path="docs/holiday-architecture.md" />
    <File Path="docs/jibo-internals.md" />
    <File Path="docs/live-jibo-capture.md" />
    <File Path="docs/live-jibo-test-runbook.md" />
    <File Path="docs/local-cloud-quickstart.md" />
    <File Path="docs/local-jibo-device-runbook.md" />
    <File Path="docs/oobe-wipe-be-flow-audit.md" />
    <File Path="docs/open-jibo-conversion-test-runbook.md" />
    <File Path="docs/open-jibo-mode-conversion-plan.md" />
    <File Path="docs/persistence-architecture.md" />
    <File Path="docs/personal-report-parity-plan.md" />
    <File Path="docs/protocol-inventory.md" />
    <File Path="docs/public-site-plan.md" />
    <File Path="docs/regression-test-plan.md" />
    <File Path="docs/release-1.0.19-plan.md" />
    <File Path="docs/release-1.0.20-plan.md" />
    <File Path="docs/robot-image-script-map.md" />
    <File Path="docs/robot-image-test-harness-plan.md" />
    <File Path="docs/storage-trust-consensus-plan.md" />
    <File Path="docs/roadmap.md" />
    <File Path="docs/support-tiers.md" />
    <File Path="docs/system-diagram-alignment.md" />
    <File Path="docs/wifi-qr-oobe.md" />
  </Folder>
  <Folder Name="/docs/architecture/">
    <File Path="docs/architecture/README.md" />
    <File Path="docs/architecture/turn-boundary-eos-parity.md" />
  </Folder>
  <Folder Name="/docs/DesignDoc/">
    <File Path="docs/DesignDoc/additional-sections-design.md" />
    <File Path="docs/DesignDoc/communication-design.md" />
    <File Path="docs/DesignDoc/hub-service-design.md" />
    <File Path="docs/DesignDoc/original-server-design.md" />
    <File Path="docs/DesignDoc/skill-framework-design.md" />
  </Folder>
  <Folder Name="/docs/prompts/">
    <File Path="docs/prompts/cloud-deploy-and-jibo-rcm-path.md" />
    <File Path="docs/prompts/stt-upgrade-path.md" />
  </Folder>
  <Folder Name="/infra/" />
  <Folder Name="/infra/azure/">
    <File Path="infra/azure/README.md" />
  </Folder>
  <Folder Name="/infra/azure/container-apps/">
    <File Path="infra/azure/container-apps/openjibo-managed.bicep" />
    <File Path="infra/azure/container-apps/openjibo-managed.parameters.json" />
  </Folder>
  <Folder Name="/infra/azure/foundation/">
    <File Path="infra/azure/foundation/openjibo-managed-foundation.bicep" />
  </Folder>
  <Folder Name="/scripts/" />
  <Folder Name="/scripts/bootstrap/">
    <File Path="scripts/bootstrap/apply-openjibo-conversion.sh" />
    <File Path="scripts/bootstrap/Apply-OpenJiboConversion.ps1" />
    <File Path="scripts/bootstrap/audit-openjibo-conversion.sh" />
    <File Path="scripts/bootstrap/Audit-OpenJiboConversion.ps1" />
    <File Path="scripts/bootstrap/build-linux-filesystem-from-copies.sh" />
    <File Path="scripts/bootstrap/Build-LinuxFilesystemFromCopies.ps1" />
    <File Path="scripts/bootstrap/demo-openjibo-harness.sh" />
    <File Path="scripts/bootstrap/Demo-OpenJiboHarness.ps1" />
    <File Path="scripts/bootstrap/Discover-JiboHosts.ps1" />
    <File Path="scripts/bootstrap/Generate-JiboDnsOverrides.ps1" />
    <File Path="scripts/bootstrap/inspect-linux-filesystem-demo.sh" />
    <File Path="scripts/bootstrap/Inspect-LinuxFilesystemDemo.ps1" />
    <File Path="scripts/bootstrap/invoke-openjibo-conversion.sh" />
    <File Path="scripts/bootstrap/Invoke-OpenJiboConversion.ps1" />
    <File Path="scripts/bootstrap/plan-openjibo-conversion.sh" />
    <File Path="scripts/bootstrap/Plan-OpenJiboConversion.ps1" />
    <File Path="scripts/bootstrap/README.md" />
    <File Path="scripts/bootstrap/recommend-openjibo-harness-mode.sh" />
    <File Path="scripts/bootstrap/Recommend-OpenJiboHarnessMode.ps1" />
    <File Path="scripts/bootstrap/rollback-openjibo-conversion.sh" />
    <File Path="scripts/bootstrap/Rollback-OpenJiboConversion.ps1" />
    <File Path="scripts/bootstrap/roundtrip-openjibo-harness.sh" />
    <File Path="scripts/bootstrap/Roundtrip-OpenJiboHarness.ps1" />
    <File Path="scripts/bootstrap/run-openjibo-filesystem-demo.sh" />
    <File Path="scripts/bootstrap/run-openjibo-harness.sh" />
    <File Path="scripts/bootstrap/Run-OpenJiboFilesystemDemo.ps1" />
    <File Path="scripts/bootstrap/Run-OpenJiboHarness.ps1" />
    <File Path="scripts/bootstrap/scaffold-openjibo-harness.sh" />
    <File Path="scripts/bootstrap/Scaffold-OpenJiboHarness.ps1" />
    <File Path="scripts/bootstrap/test-openjibo-routing.sh" />
    <File Path="scripts/bootstrap/Test-OpenJiboRouting.ps1" />
    <File Path="scripts/bootstrap/validate-openjibo-harness-roundtrip.sh" />
    <File Path="scripts/bootstrap/Validate-OpenJiboHarnessRoundTrip.ps1" />
  </Folder>
  <Folder Name="/scripts/cloud/">
    <File Path="scripts/cloud/deploy-openjibo-managed-foundation.sh" />
    <File Path="scripts/cloud/deploy-openjibo-managed.sh" />
    <File Path="scripts/cloud/Deploy-OpenJiboManaged.ps1" />
    <File Path="scripts/cloud/Deploy-OpenJiboManagedFoundation.ps1" />
    <File Path="scripts/cloud/get-websocket-capture-summary.sh" />
    <File Path="scripts/cloud/Get-WebSocketCaptureSummary.ps1" />
    <File Path="scripts/cloud/inspect-websocket-recognition-candidates.py" />
    <File Path="scripts/cloud/inspect-websocket-recognition-candidates.sh" />
    <File Path="scripts/cloud/import-websocket-capture-fixture.py" />
    <File Path="scripts/cloud/Import-WebSocketCaptureFixture.ps1" />
    <File Path="scripts/cloud/initialize-openjibo-compose-env.sh" />
    <File Path="scripts/cloud/Initialize-OpenJiboComposeEnv.ps1" />
    <File Path="scripts/cloud/invoke-cloud-smoke.sh" />
    <File Path="scripts/cloud/Invoke-CloudSmoke.ps1" />
    <File Path="scripts/cloud/invoke-live-jibo-prep.sh" />
    <File Path="scripts/cloud/Invoke-LiveJiboPrep.ps1" />
    <File Path="scripts/cloud/invoke-openjibo-migration.sh" />
    <File Path="scripts/cloud/invoke-openjibo-self-hosted-stack.sh" />
    <File Path="scripts/cloud/Invoke-OpenJiboMigration.ps1" />
    <File Path="scripts/cloud/Invoke-OpenJiboSelfHostedStack.ps1" />
    <File Path="scripts/cloud/Invoke-ProtocolFixture.ps1" />
    <File Path="scripts/cloud/New-CaptureBundle.ps1" />
    <File Path="scripts/cloud/publish-openjibo-managed.sh" />
    <File Path="scripts/cloud/Publish-OpenJiboManaged.ps1" />
    <File Path="scripts/cloud/README.md" />
    <File Path="scripts/cloud/start-dotnet-with-node-cert.sh" />
    <File Path="scripts/cloud/Start-OpenJiboDotNet.ps1" />
    <File Path="scripts/cloud/Start-OpenJiboNode.ps1" />
    <File Path="scripts/cloud/Start-OpenJiboPlayground.ps1" />
    <File Path="scripts/cloud/test-openjibo-managed-deployment-contract.sh" />
    <File Path="scripts/cloud/test-openjibo-self-hosted-deployment-contract.sh" />
    <File Path="scripts/cloud/Test-OpenJiboManagedDeploymentContract.ps1" />
    <File Path="scripts/cloud/Test-OpenJiboSelfHostedDeploymentContract.ps1" />
  </Folder>
  <Folder Name="/scripts/cloud/postgres-init/">
    <File Path="scripts/cloud/postgres-init/01-create-databases.sh" />
  </Folder>
  <Folder Name="/Solution Items/">
    <File Path=".dockerignore" />
    <File Path=".env" />
    <File Path=".env.example" />
    <File Path=".gitignore" />
    <File Path="docker-compose.yml" />
    <File Path="Dockerfile" />
    <File Path="NuGet.Config" />
    <File Path="README.md" />
  </Folder>
  <Folder Name="/src/">
    <Project Path="src/Jibo.Runtime.Abstractions/Jibo.Runtime.Abstractions.csproj" Id="41abf805-373e-4e71-b1bf-2cab6dbf892e" />
    <Project Path="src/Jibo.Cloud/dotnet/src/Jibo.Cloud.Domain/Jibo.Cloud.Domain.csproj" />
    <Project Path="src/Jibo.Cloud/dotnet/src/Jibo.Cloud.Application/Jibo.Cloud.Application.csproj" />
    <Project Path="src/Jibo.Cloud/dotnet/src/Jibo.Cloud.Infrastructure/Jibo.Cloud.Infrastructure.csproj" />
    <Project Path="src/Jibo.Cloud/dotnet/src/Jibo.Cloud.Api/Jibo.Cloud.Api.csproj" />
    <Project Path="src/Jibo.Cloud/dotnet/src/Jibo.Cloud.Migrations/Jibo.Cloud.Migrations.csproj" />
    <Project Path="src/Playground/Playground.csproj" />
  </Folder>
  <Folder Name="/tests/">
    <Project Path="tests/Jibo.Cloud.Tests/Jibo.Cloud.Tests.csproj" />
  </Folder>
  <Folder Name="/src/Jibo WiFi QR Generator/">
    <File Path="src/Jibo WiFi QR Generator/jibo_qr_generator.html" />
  </Folder>
  <Folder Name="/src/OpenJibo.Site/">
    <File Path="src/OpenJibo.Site/index.html" />
    <File Path="src/OpenJibo.Site/site.css" />
  </Folder>
</Solution>